
Microsoft Visual Studio Solution File, Format Version 12.00
# Visual Studio 14
VisualStudioVersion = 14.0.23107.0
MinimumVisualStudioVersion = 10.0.40219.1
Project("{8BC9CEB8-8B4A-11D0-8D11-00A0C91BC942}") = "CInterfacesAndImplementations", "CInterfacesAndImplementations\CInterfacesAndImplementations.vcxproj", "{123BC21A-0D41-4BDC-9094-5B197D804489}"
EndProject
Project("{8BC9CEB8-8B4A-11D0-8D11-00A0C91BC942}") = "Arith", "Arith\Arith.vcxproj", "{2936AA3B-7984-4B6C-8138-812AE21A6E99}"
EndProject
Project("{8BC9CEB8-8B4A-11D0-8D11-00A0C91BC942}") = "Stack", "Stack\Stack.vcxproj", "{6A9B5970-D14B-460A-9D7F-3CA5A20D4AF9}"
EndProject
Project("{8BC9CEB8-8B4A-11D0-8D11-00A0C91BC942}") = "Assert", "Assert\Assert.vcxproj", "{A57E3369-252D-451D-AA71-0104FCC6E508}"
EndProject
Project("{8BC9CEB8-8B4A-11D0-8D11-00A0C91BC942}") = "Mem", "Mem\Mem.vcxproj", "{DECFCEAC-F45F-4D8B-A541-D6F346DDA37F}"
EndProject
Project("{8BC9CEB8-8B4A-11D0-8D11-00A0C91BC942}") = "Atom", "Atom\Atom.vcxproj", "{9E1A0724-F91F-4F0B-A52C-9B89CB53D3A0}"
EndProject
Project("{8BC9CEB8-8B4A-11D0-8D11-00A0C91BC942}") = "Except", "Except\Except.vcxproj", "{DB0AE7EA-150F-4A22-93C6-F838A96A7108}"
EndProject
Global
	GlobalSection(SolutionConfigurationPlatforms) = preSolution
		Debug|x64 = Debug|x64
		Debug|x86 = Debug|x86
		Release|x64 = Release|x64
		Release|x86 = Release|x86
	EndGlobalSection
	GlobalSection(ProjectConfigurationPlatforms) = postSolution
		{123BC21A-0D41-4BDC-9094-5B197D804489}.Debug|x64.ActiveCfg = Debug|x64
		{123BC21A-0D41-4BDC-9094-5B197D804489}.Debug|x64.Build.0 = Debug|x64
		{123BC21A-0D41-4BDC-9094-5B197D804489}.Debug|x86.ActiveCfg = Debug|Win32
		{123BC21A-0D41-4BDC-9094-5B197D804489}.Debug|x86.Build.0 = Debug|Win32
		{123BC21A-0D41-4BDC-9094-5B197D804489}.Release|x64.ActiveCfg = Release|x64
		{123BC21A-0D41-4BDC-9094-5B197D804489}.Release|x64.Build.0 = Release|x64
		{123BC21A-0D41-4BDC-9094-5B197D804489}.Release|x86.ActiveCfg = Release|Win32
		{123BC21A-0D41-4BDC-9094-5B197D804489}.Release|x86.Build.0 = Release|Win32
		{2936AA3B-7984-4B6C-8138-812AE21A6E99}.Debug|x64.ActiveCfg = Debug|x64
		{2936AA3B-7984-4B6C-8138-812AE21A6E99}.Debug|x64.Build.0 = Debug|x64
		{2936AA3B-7984-4B6C-8138-812AE21A6E99}.Debug|x86.ActiveCfg = Debug|Win32
		{2936AA3B-7984-4B6C-8138-812AE21A6E99}.Debug|x86.Build.0 = Debug|Win32
		{2936AA3B-7984-4B6C-8138-812AE21A6E99}.Release|x64.ActiveCfg = Release|x64
		{2936AA3B-7984-4B6C-8138-812AE21A6E99}.Release|x64.Build.0 = Release|x64
		{2936AA3B-7984-4B6C-8138-812AE21A6E99}.Release|x86.ActiveCfg = Release|Win32
		{2936AA3B-7984-4B6C-8138-812AE21A6E99}.Release|x86.Build.0 = Release|Win32
		{6A9B5970-D14B-460A-9D7F-3CA5A20D4AF9}.Debug|x64.ActiveCfg = Debug|x64
		{6A9B5970-D14B-460A-9D7F-3CA5A20D4AF9}.Debug|x64.Build.0 = Debug|x64
		{6A9B5970-D14B-460A-9D7F-3CA5A20D4AF9}.Debug|x86.ActiveCfg = Debug|Win32
		{6A9B5970-D14B-460A-9D7F-3CA5A20D4AF9}.Debug|x86.Build.0 = Debug|Win32
		{6A9B5970-D14B-460A-9D7F-3CA5A20D4AF9}.Release|x64.ActiveCfg = Release|x64
		{6A9B5970-D14B-460A-9D7F-3CA5A20D4AF9}.Release|x64.Build.0 = Release|x64
		{6A9B5970-D14B-460A-9D7F-3CA5A20D4AF9}.Release|x86.ActiveCfg = Release|Win32
		{6A9B5970-D14B-460A-9D7F-3CA5A20D4AF9}.Release|x86.Build.0 = Release|Win32
		{A57E3369-252D-451D-AA71-0104FCC6E508}.Debug|x64.ActiveCfg = Debug|x64
		{A57E3369-252D-451D-AA71-0104FCC6E508}.Debug|x64.Build.0 = Debug|x64
		{A57E3369-252D-451D-AA71-0104FCC6E508}.Debug|x86.ActiveCfg = Debug|Win32
		{A57E3369-252D-451D-AA71-0104FCC6E508}.Debug|x86.Build.0 = Debug|Win32
		{A57E3369-252D-451D-AA71-0104FCC6E508}.Release|x64.ActiveCfg = Release|x64
		{A57E3369-252D-451D-AA71-0104FCC6E508}.Release|x64.Build.0 = Release|x64
		{A57E3369-252D-451D-AA71-0104FCC6E508}.Release|x86.ActiveCfg = Release|Win32
		{A57E3369-252D-451D-AA71-0104FCC6E508}.Release|x86.Build.0 = Release|Win32
		{DECFCEAC-F45F-4D8B-A541-D6F346DDA37F}.Debug|x64.ActiveCfg = Debug|x64
		{DECFCEAC-F45F-4D8B-A541-D6F346DDA37F}.Debug|x64.Build.0 = Debug|x64
		{DECFCEAC-F45F-4D8B-A541-D6F346DDA37F}.Debug|x86.ActiveCfg = Debug|Win32
		{DECFCEAC-F45F-4D8B-A541-D6F346DDA37F}.Debug|x86.Build.0 = Debug|Win32
		{DECFCEAC-F45F-4D8B-A541-D6F346DDA37F}.Release|x64.ActiveCfg = Release|x64
		{DECFCEAC-F45F-4D8B-A541-D6F346DDA37F}.Release|x64.Build.0 = Release|x64
		{DECFCEAC-F45F-4D8B-A541-D6F346DDA37F}.Release|x86.ActiveCfg = Release|Win32
		{DECFCEAC-F45F-4D8B-A541-D6F346DDA37F}.Release|x86.Build.0 = Release|Win32
		{9E1A0724-F91F-4F0B-A52C-9B89CB53D3A0}.Debug|x64.ActiveCfg = Debug|x64
		{9E1A0724-F91F-4F0B-A52C-9B89CB53D3A0}.Debug|x64.Build.0 = Debug|x64
		{9E1A0724-F91F-4F0B-A52C-9B89CB53D3A0}.Debug|x86.ActiveCfg = Debug|Win32
		{9E1A0724-F91F-4F0B-A52C-9B89CB53D3A0}.Debug|x86.Build.0 = Debug|Win32
		{9E1A0724-F91F-4F0B-A52C-9B89CB53D3A0}.Release|x64.ActiveCfg = Release|x64
		{9E1A0724-F91F-4F0B-A52C-9B89CB53D3A0}.Release|x64.Build.0 = Release|x64
		{9E1A0724-F91F-4F0B-A52C-9B89CB53D3A0}.Release|x86.ActiveCfg = Release|Win32
		{9E1A0724-F91F-4F0B-A52C-9B89CB53D3A0}.Release|x86.Build.0 = Release|Win32
		{DB0AE7EA-150F-4A22-93C6-F838A96A7108}.Debug|x64.ActiveCfg = Debug|x64
		{DB0AE7EA-150F-4A22-93C6-F838A96A7108}.Debug|x64.Build.0 = Debug|x64
		{DB0AE7EA-150F-4A22-93C6-F838A96A7108}.Debug|x86.ActiveCfg = Debug|Win32
		{DB0AE7EA-150F-4A22-93C6-F838A96A7108}.Debug|x86.Build.0 = Debug|Win32
		{DB0AE7EA-150F-4A22-93C6-F838A96A7108}.Release|x64.ActiveCfg = Release|x64
		{DB0AE7EA-150F-4A22-93C6-F838A96A7108}.Release|x64.Build.0 = Release|x64
		{DB0AE7EA-150F-4A22-93C6-F838A96A7108}.Release|x86.ActiveCfg = Release|Win32
		{DB0AE7EA-150F-4A22-93C6-F838A96A7108}.Release|x86.Build.0 = Release|Win32
	EndGlobalSection
	GlobalSection(SolutionProperties) = preSolution
		HideSolutionNode = FALSE
	EndGlobalSection
EndGlobal
